PODS:
  - admob_flutter (1.0.0):
    - Flutter
    - Google-Mobile-Ads-SDK (~> 7.64)
  - catcher (0.0.1):
    - Flutter
  - device_info (0.0.1):
    - Flutter
  - Flutter (1.0.0)
  - flutter_funding_choices (0.1.1):
    - Flutter
    - GoogleUserMessagingPlatform (~> 1.2.0)
  - flutter_mailer (0.0.1):
    - Flutter
  - fluttertoast (0.0.2):
    - Flutter
    - Toast
  - Google-Mobile-Ads-SDK (7.65.0):
    - GoogleAppMeasurement (~> 6.0)
    - GoogleUserMessagingPlatform (~> 1.1)
  - GoogleAppMeasurement (6.8.2):
    - GoogleUtilities/AppDelegateSwizzler (~> 6.7)
    - GoogleUtilities/MethodSwizzler (~> 6.7)
    - GoogleUtilities/Network (~> 6.7)
    - "GoogleUtilities/NSData+zlib (~> 6.7)"
    - nanopb (~> 1.30906.0)
  - GoogleUserMessagingPlatform (1.2.0)
  - GoogleUtilities/AppDelegateSwizzler (6.7.2):
    - GoogleUtilities/Environment
    - GoogleUtilities/Logger
    - GoogleUtilities/Network
  - GoogleUtilities/Environment (6.7.2):
    - PromisesObjC (~> 1.2)
  - GoogleUtilities/Logger (6.7.2):
    - GoogleUtilities/Environment
  - GoogleUtilities/MethodSwizzler (6.7.2):
    - GoogleUtilities/Logger
  - GoogleUtilities/Network (6.7.2):
    - GoogleUtilities/Logger
    - "GoogleUtilities/NSData+zlib"
    - GoogleUtilities/Reachability
  - "GoogleUtilities/NSData+zlib (6.7.2)"
  - GoogleUtilities/Reachability (6.7.2):
    - GoogleUtilities/Logger
  - nanopb (1.30906.0):
    - nanopb/decode (= 1.30906.0)
    - nanopb/encode (= 1.30906.0)
  - nanopb/decode (1.30906.0)
  - nanopb/encode (1.30906.0)
  - package_info (0.0.1):
    - Flutter
  - path_provider (0.0.1):
    - Flutter
  - PromisesObjC (1.2.10)
  - rate_my_app (0.7.1):
    - Flutter
  - share (0.0.1):
    - Flutter
  - shared_preferences (0.0.1):
    - Flutter
  - Toast (4.0.0)
  - url_launcher (0.0.1):
    - Flutter
  - webview_flutter (0.0.1):
    - Flutter

DEPENDENCIES:
  - admob_flutter (from `.symlinks/plugins/admob_flutter/ios`)
  - catcher (from `.symlinks/plugins/catcher/ios`)
  - device_info (from `.symlinks/plugins/device_info/ios`)
  - Flutter (from `Flutter`)
  - flutter_funding_choices (from `.symlinks/plugins/flutter_funding_choices/ios`)
  - flutter_mailer (from `.symlinks/plugins/flutter_mailer/ios`)
  - fluttertoast (from `.symlinks/plugins/fluttertoast/ios`)
  - package_info (from `.symlinks/plugins/package_info/ios`)
  - path_provider (from `.symlinks/plugins/path_provider/ios`)
  - rate_my_app (from `.symlinks/plugins/rate_my_app/ios`)
  - share (from `.symlinks/plugins/share/ios`)
  - shared_preferences (from `.symlinks/plugins/shared_preferences/ios`)
  - url_launcher (from `.symlinks/plugins/url_launcher/ios`)
  - webview_flutter (from `.symlinks/plugins/webview_flutter/ios`)

SPEC REPOS:
  trunk:
    - Google-Mobile-Ads-SDK
    - GoogleAppMeasurement
    - GoogleUserMessagingPlatform
    - GoogleUtilities
    - nanopb
    - PromisesObjC
    - Toast

EXTERNAL SOURCES:
  admob_flutter:
    :path: ".symlinks/plugins/admob_flutter/ios"
  catcher:
    :path: ".symlinks/plugins/catcher/ios"
  device_info:
    :path: ".symlinks/plugins/device_info/ios"
  Flutter:
    :path: Flutter
  flutter_funding_choices:
    :path: ".symlinks/plugins/flutter_funding_choices/ios"
  flutter_mailer:
    :path: ".symlinks/plugins/flutter_mailer/ios"
  fluttertoast:
    :path: ".symlinks/plugins/fluttertoast/ios"
  package_info:
    :path: ".symlinks/plugins/package_info/ios"
  path_provider:
    :path: ".symlinks/plugins/path_provider/ios"
  rate_my_app:
    :path: ".symlinks/plugins/rate_my_app/ios"
  share:
    :path: ".symlinks/plugins/share/ios"
  shared_preferences:
    :path: ".symlinks/plugins/shared_preferences/ios"
  url_launcher:
    :path: ".symlinks/plugins/url_launcher/ios"
  webview_flutter:
    :path: ".symlinks/plugins/webview_flutter/ios"

SPEC CHECKSUMS:
  admob_flutter: 370023e0bc3f49a44ba94f14009e0728bffe43e8
  catcher: e5585ed31458c849f4fd9c3719b2fcb0188b8918
  device_info: d7d233b645a32c40dfdc212de5cf646ca482f175
  Flutter: 0e3d915762c693b495b44d77113d4970485de6ec
  flutter_funding_choices: 84139f2e05cc74e61ced1c018541735d9d6bf03c
  flutter_mailer: 2ef5a67087bc8c6c4cefd04a178bf1ae2c94cd83
  fluttertoast: 6122fa75143e992b1d3470f61000f591a798cc58
  Google-Mobile-Ads-SDK: af735e001ee534d9dd2ce0a87cd8c355b19844b5
  GoogleAppMeasurement: 1a66f478c68ecd6c16ee63ee60c7c3a648e6b337
  GoogleUserMessagingPlatform: c85530d930ba509583aa5a6d50a10aca22cf8502
  GoogleUtilities: 7f2f5a07f888cdb145101d6042bc4422f57e70b3
  nanopb: 59317e09cf1f1a0af72f12af412d54edf52603fc
  package_info: 873975fc26034f0b863a300ad47e7f1ac6c7ec62
  path_provider: abfe2b5c733d04e238b0d8691db0cfd63a27a93c
  PromisesObjC: b14b1c6b68e306650688599de8a45e49fae81151
  rate_my_app: 3b64dd0876bd286001595ee2e69193e757c4d77c
  share: 0b2c3e82132f5888bccca3351c504d0003b3b410
  shared_preferences: af6bfa751691cdc24be3045c43ec037377ada40d
  Toast: 91b396c56ee72a5790816f40d3a94dd357abc196
  url_launcher: 6fef411d543ceb26efce54b05a0a40bfd74cbbef
  webview_flutter: d2b4d6c66968ad042ad94cbb791f5b72b4678a96

PODFILE CHECKSUM: a75497545d4391e2d394c3668e20cfb1c2bbd4aa

COCOAPODS: 1.9.3
